{
  "requires": true,
  "lockfileVersion": 1,
  "dependencies": {
    "heapdump": {
      "version": "0.3.9",
      "resolved": "http://r.npm.sankuai.com/heapdump/download/heapdump-0.3.9.tgz",
      "integrity": "sha1-A8dOsN9dZ74Jgug0KbqcnSs7f3g="
    },
    "iconv": {
      "version": "2.3.0",
      "resolved": "http://r.npm.sankuai.com/iconv/download/iconv-2.3.0.tgz",
      "integrity": "sha1-lzmIfCvUktml4jbdNmfFNYYBIBs=",
      "requires": {
        "nan": "2.10.0"
      }
    },
    "iconv-lite": {
      "version": "0.4.23",
      "resolved": "http://r.npm.sankuai.com/iconv-lite/download/iconv-lite-0.4.23.tgz",
      "integrity": "sha1-KXhx9jvlB63Pv8pxXQzQ7thOmmM=",
      "requires": {
        "safer-buffer": "2.1.2"
      }
    },
    "nan": {
      "version": "2.10.0",
      "resolved": "http://r.npm.sankuai.com/nan/download/nan-2.10.0.tgz",
      "integrity": "sha1-ltDNYQ69WNS03pzAxoKM2pnHVI8="
    },
    "safer-buffer": {
      "version": "2.1.2",
      "resolved": "http://r.npm.sankuai.com/safer-buffer/download/safer-buffer-2.1.2.tgz",
      "integrity": "sha1-RPoWGwGHuVSd2Eu5GAL5vYOFzWo="
    }
  }
}
